
Microsoft Visual Studio Solution File, Format Version 12.00
# Visual Studio 15
VisualStudioVersion = 15.0.26430.4
MinimumVisualStudioVersion = 10.0.40219.1
Project("{D954291E-2A0B-460D-934E-DC6B0785DB48}") = "SharingCars", "SharingCars\SharingCars\SharingCars.shproj", "{B5D40DAF-C878-4111-B676-66AC7D1BC5E1}"
EndProject
Project("{FAE04EC0-301F-11D3-BF4B-00C04F79EFBC}") = "SharingCars.Android", "SharingCars\SharingCars.Android\SharingCars.Android.csproj", "{AF172885-B512-459E-9F36-C8023D406F0A}"
EndProject
Project("{FAE04EC0-301F-11D3-BF4B-00C04F79EFBC}") = "SharingCars.iOS", "SharingCars\SharingCars.iOS\SharingCars.iOS.csproj", "{3EB94E75-9CFB-4182-A292-98476BF99FEB}"
EndProject
Project("{FAE04EC0-301F-11D3-BF4B-00C04F79EFBC}") = "SharingCars.UWP", "SharingCars\SharingCars.UWP\SharingCars.UWP.csproj", "{B0255DD5-CF82-44CE-9D17-AA4DBFBDFC4F}"
EndProject
Global
	GlobalSection(SharedMSBuildProjectFiles) = preSolution
		SharingCars\SharingCars\SharingCars.projitems*{3eb94e75-9cfb-4182-a292-98476bf99feb}*SharedItemsImports = 4
		SharingCars\SharingCars\SharingCars.projitems*{af172885-b512-459e-9f36-c8023d406f0a}*SharedItemsImports = 4
		SharingCars\SharingCars\SharingCars.projitems*{b5d40daf-c878-4111-b676-66ac7d1bc5e1}*SharedItemsImports = 13
	EndGlobalSection
	GlobalSection(SolutionConfigurationPlatforms) = preSolution
		Ad-Hoc|Any CPU = Ad-Hoc|Any CPU
		Ad-Hoc|ARM = Ad-Hoc|ARM
		Ad-Hoc|iPhone = Ad-Hoc|iPhone
		Ad-Hoc|iPhoneSimulator = Ad-Hoc|iPhoneSimulator
		Ad-Hoc|x64 = Ad-Hoc|x64
		Ad-Hoc|x86 = Ad-Hoc|x86
		AppStore|Any CPU = AppStore|Any CPU
		AppStore|ARM = AppStore|ARM
		AppStore|iPhone = AppStore|iPhone
		AppStore|iPhoneSimulator = AppStore|iPhoneSimulator
		AppStore|x64 = AppStore|x64
		AppStore|x86 = AppStore|x86
		Debug|Any CPU = Debug|Any CPU
		Debug|ARM = Debug|ARM
		Debug|iPhone = Debug|iPhone
		Debug|iPhoneSimulator = Debug|iPhoneSimulator
		Debug|x64 = Debug|x64
		Debug|x86 = Debug|x86
		Release|Any CPU = Release|Any CPU
		Release|ARM = Release|ARM
		Release|iPhone = Release|iPhone
		Release|iPhoneSimulator = Release|iPhoneSimulator
		Release|x64 = Release|x64
		Release|x86 = Release|x86
	EndGlobalSection
	GlobalSection(ProjectConfigurationPlatforms) = postSolution
		{AF172885-B512-459E-9F36-C8023D406F0A}.Ad-Hoc|Any CPU.ActiveCfg = Release|Any CPU
		{AF172885-B512-459E-9F36-C8023D406F0A}.Ad-Hoc|Any CPU.Build.0 = Release|Any CPU
		{AF172885-B512-459E-9F36-C8023D406F0A}.Ad-Hoc|Any CPU.Deploy.0 = Release|Any CPU
		{AF172885-B512-459E-9F36-C8023D406F0A}.Ad-Hoc|ARM.ActiveCfg = Release|Any CPU
		{AF172885-B512-459E-9F36-C8023D406F0A}.Ad-Hoc|ARM.Build.0 = Release|Any CPU
		{AF172885-B512-459E-9F36-C8023D406F0A}.Ad-Hoc|ARM.Deploy.0 = Release|Any CPU
		{AF172885-B512-459E-9F36-C8023D406F0A}.Ad-Hoc|iPhone.ActiveCfg = Release|Any CPU
		{AF172885-B512-459E-9F36-C8023D406F0A}.Ad-Hoc|iPhone.Build.0 = Release|Any CPU
		{AF172885-B512-459E-9F36-C8023D406F0A}.Ad-Hoc|iPhone.Deploy.0 = Release|Any CPU
		{AF172885-B512-459E-9F36-C8023D406F0A}.Ad-Hoc|iPhoneSimulator.ActiveCfg = Release|Any CPU
		{AF172885-B512-459E-9F36-C8023D406F0A}.Ad-Hoc|iPhoneSimulator.Build.0 = Release|Any CPU
		{AF172885-B512-459E-9F36-C8023D406F0A}.Ad-Hoc|iPhoneSimulator.Deploy.0 = Release|Any CPU
		{AF172885-B512-459E-9F36-C8023D406F0A}.Ad-Hoc|x64.ActiveCfg = Release|Any CPU
		{AF172885-B512-459E-9F36-C8023D406F0A}.Ad-Hoc|x64.Build.0 = Release|Any CPU
		{AF172885-B512-459E-9F36-C8023D406F0A}.Ad-Hoc|x64.Deploy.0 = Release|Any CPU
		{AF172885-B512-459E-9F36-C8023D406F0A}.Ad-Hoc|x86.ActiveCfg = Release|Any CPU
		{AF172885-B512-459E-9F36-C8023D406F0A}.Ad-Hoc|x86.Build.0 = Release|Any CPU
		{AF172885-B512-459E-9F36-C8023D406F0A}.Ad-Hoc|x86.Deploy.0 = Release|Any CPU
		{AF172885-B512-459E-9F36-C8023D406F0A}.AppStore|Any CPU.ActiveCfg = Release|Any CPU
		{AF172885-B512-459E-9F36-C8023D406F0A}.AppStore|Any CPU.Build.0 = Release|Any CPU
		{AF172885-B512-459E-9F36-C8023D406F0A}.AppStore|Any CPU.Deploy.0 = Release|Any CPU
		{AF172885-B512-459E-9F36-C8023D406F0A}.AppStore|ARM.ActiveCfg = Release|Any CPU
		{AF172885-B512-459E-9F36-C8023D406F0A}.AppStore|ARM.Build.0 = Release|Any CPU
		{AF172885-B512-459E-9F36-C8023D406F0A}.AppStore|ARM.Deploy.0 = Release|Any CPU
		{AF172885-B512-459E-9F36-C8023D406F0A}.AppStore|iPhone.ActiveCfg = Release|Any CPU
		{AF172885-B512-459E-9F36-C8023D406F0A}.AppStore|iPhone.Build.0 = Release|Any CPU
		{AF172885-B512-459E-9F36-C8023D406F0A}.AppStore|iPhone.Deploy.0 = Release|Any CPU
		{AF172885-B512-459E-9F36-C8023D406F0A}.AppStore|iPhoneSimulator.ActiveCfg = Release|Any CPU
		{AF172885-B512-459E-9F36-C8023D406F0A}.AppStore|iPhoneSimulator.Build.0 = Release|Any CPU
		{AF172885-B512-459E-9F36-C8023D406F0A}.AppStore|iPhoneSimulator.Deploy.0 = Release|Any CPU
		{AF172885-B512-459E-9F36-C8023D406F0A}.AppStore|x64.ActiveCfg = Release|Any CPU
		{AF172885-B512-459E-9F36-C8023D406F0A}.AppStore|x64.Build.0 = Release|Any CPU
		{AF172885-B512-459E-9F36-C8023D406F0A}.AppStore|x64.Deploy.0 = Release|Any CPU
		{AF172885-B512-459E-9F36-C8023D406F0A}.AppStore|x86.ActiveCfg = Release|Any CPU
		{AF172885-B512-459E-9F36-C8023D406F0A}.AppStore|x86.Build.0 = Release|Any CPU
		{AF172885-B512-459E-9F36-C8023D406F0A}.AppStore|x86.Deploy.0 = Release|Any CPU
		{AF172885-B512-459E-9F36-C8023D406F0A}.Debug|Any CPU.ActiveCfg = Debug|Any CPU
		{AF172885-B512-459E-9F36-C8023D406F0A}.Debug|Any CPU.Build.0 = Debug|Any CPU
		{AF172885-B512-459E-9F36-C8023D406F0A}.Debug|Any CPU.Deploy.0 = Debug|Any CPU
		{AF172885-B512-459E-9F36-C8023D406F0A}.Debug|ARM.ActiveCfg = Debug|Any CPU
		{AF172885-B512-459E-9F36-C8023D406F0A}.Debug|ARM.Build.0 = Debug|Any CPU
		{AF172885-B512-459E-9F36-C8023D406F0A}.Debug|ARM.Deploy.0 = Debug|Any CPU
		{AF172885-B512-459E-9F36-C8023D406F0A}.Debug|iPhone.ActiveCfg = Debug|Any CPU
		{AF172885-B512-459E-9F36-C8023D406F0A}.Debug|iPhone.Build.0 = Debug|Any CPU
		{AF172885-B512-459E-9F36-C8023D406F0A}.Debug|iPhone.Deploy.0 = Debug|Any CPU
		{AF172885-B512-459E-9F36-C8023D406F0A}.Debug|iPhoneSimulator.ActiveCfg = Debug|Any CPU
		{AF172885-B512-459E-9F36-C8023D406F0A}.Debug|iPhoneSimulator.Build.0 = Debug|Any CPU
		{AF172885-B512-459E-9F36-C8023D406F0A}.Debug|iPhoneSimulator.Deploy.0 = Debug|Any CPU
		{AF172885-B512-459E-9F36-C8023D406F0A}.Debug|x64.ActiveCfg = Debug|Any CPU
		{AF172885-B512-459E-9F36-C8023D406F0A}.Debug|x64.Build.0 = Debug|Any CPU
		{AF172885-B512-459E-9F36-C8023D406F0A}.Debug|x64.Deploy.0 = Debug|Any CPU
		{AF172885-B512-459E-9F36-C8023D406F0A}.Debug|x86.ActiveCfg = Debug|Any CPU
		{AF172885-B512-459E-9F36-C8023D406F0A}.Debug|x86.Build.0 = Debug|Any CPU
		{AF172885-B512-459E-9F36-C8023D406F0A}.Debug|x86.Deploy.0 = Debug|Any CPU
		{AF172885-B512-459E-9F36-C8023D406F0A}.Release|Any CPU.ActiveCfg = Release|Any CPU
		{AF172885-B512-459E-9F36-C8023D406F0A}.Release|Any CPU.Build.0 = Release|Any CPU
		{AF172885-B512-459E-9F36-C8023D406F0A}.Release|Any CPU.Deploy.0 = Release|Any CPU
		{AF172885-B512-459E-9F36-C8023D406F0A}.Release|ARM.ActiveCfg = Release|Any CPU
		{AF172885-B512-459E-9F36-C8023D406F0A}.Release|ARM.Build.0 = Release|Any CPU
		{AF172885-B512-459E-9F36-C8023D406F0A}.Release|ARM.Deploy.0 = Release|Any CPU
		{AF172885-B512-459E-9F36-C8023D406F0A}.Release|iPhone.ActiveCfg = Release|Any CPU
		{AF172885-B512-459E-9F36-C8023D406F0A}.Release|iPhone.Build.0 = Release|Any CPU
		{AF172885-B512-459E-9F36-C8023D406F0A}.Release|iPhone.Deploy.0 = Release|Any CPU
		{AF172885-B512-459E-9F36-C8023D406F0A}.Release|iPhoneSimulator.ActiveCfg = Release|Any CPU
		{AF172885-B512-459E-9F36-C8023D406F0A}.Release|iPhoneSimulator.Build.0 = Release|Any CPU
		{AF172885-B512-459E-9F36-C8023D406F0A}.Release|iPhoneSimulator.Deploy.0 = Release|Any CPU
		{AF172885-B512-459E-9F36-C8023D406F0A}.Release|x64.ActiveCfg = Release|Any CPU
		{AF172885-B512-459E-9F36-C8023D406F0A}.Release|x64.Build.0 = Release|Any CPU
		{AF172885-B512-459E-9F36-C8023D406F0A}.Release|x64.Deploy.0 = Release|Any CPU
		{AF172885-B512-459E-9F36-C8023D406F0A}.Release|x86.ActiveCfg = Release|Any CPU
		{AF172885-B512-459E-9F36-C8023D406F0A}.Release|x86.Build.0 = Release|Any CPU
		{AF172885-B512-459E-9F36-C8023D406F0A}.Release|x86.Deploy.0 = Release|Any CPU
		{3EB94E75-9CFB-4182-A292-98476BF99FEB}.Ad-Hoc|Any CPU.ActiveCfg = Ad-Hoc|iPhone
		{3EB94E75-9CFB-4182-A292-98476BF99FEB}.Ad-Hoc|ARM.ActiveCfg = Ad-Hoc|iPhone
		{3EB94E75-9CFB-4182-A292-98476BF99FEB}.Ad-Hoc|iPhone.ActiveCfg = Ad-Hoc|iPhone
		{3EB94E75-9CFB-4182-A292-98476BF99FEB}.Ad-Hoc|iPhone.Build.0 = Ad-Hoc|iPhone
		{3EB94E75-9CFB-4182-A292-98476BF99FEB}.Ad-Hoc|iPhoneSimulator.ActiveCfg = Ad-Hoc|iPhoneSimulator
		{3EB94E75-9CFB-4182-A292-98476BF99FEB}.Ad-Hoc|iPhoneSimulator.Build.0 = Ad-Hoc|iPhoneSimulator
		{3EB94E75-9CFB-4182-A292-98476BF99FEB}.Ad-Hoc|x64.ActiveCfg = Ad-Hoc|iPhone
		{3EB94E75-9CFB-4182-A292-98476BF99FEB}.Ad-Hoc|x86.ActiveCfg = Ad-Hoc|iPhone
		{3EB94E75-9CFB-4182-A292-98476BF99FEB}.AppStore|Any CPU.ActiveCfg = AppStore|iPhone
		{3EB94E75-9CFB-4182-A292-98476BF99FEB}.AppStore|ARM.ActiveCfg = AppStore|iPhone
		{3EB94E75-9CFB-4182-A292-98476BF99FEB}.AppStore|iPhone.ActiveCfg = AppStore|iPhone
		{3EB94E75-9CFB-4182-A292-98476BF99FEB}.AppStore|iPhone.Build.0 = AppStore|iPhone
		{3EB94E75-9CFB-4182-A292-98476BF99FEB}.AppStore|iPhoneSimulator.ActiveCfg = AppStore|iPhoneSimulator
		{3EB94E75-9CFB-4182-A292-98476BF99FEB}.AppStore|iPhoneSimulator.Build.0 = AppStore|iPhoneSimulator
		{3EB94E75-9CFB-4182-A292-98476BF99FEB}.AppStore|x64.ActiveCfg = AppStore|iPhone
		{3EB94E75-9CFB-4182-A292-98476BF99FEB}.AppStore|x86.ActiveCfg = AppStore|iPhone
		{3EB94E75-9CFB-4182-A292-98476BF99FEB}.Debug|Any CPU.ActiveCfg = Debug|iPhone
		{3EB94E75-9CFB-4182-A292-98476BF99FEB}.Debug|ARM.ActiveCfg = Debug|iPhone
		{3EB94E75-9CFB-4182-A292-98476BF99FEB}.Debug|iPhone.ActiveCfg = Debug|iPhone
		{3EB94E75-9CFB-4182-A292-98476BF99FEB}.Debug|iPhone.Build.0 = Debug|iPhone
		{3EB94E75-9CFB-4182-A292-98476BF99FEB}.Debug|iPhoneSimulator.ActiveCfg = Debug|iPhoneSimulator
		{3EB94E75-9CFB-4182-A292-98476BF99FEB}.Debug|iPhoneSimulator.Build.0 = Debug|iPhoneSimulator
		{3EB94E75-9CFB-4182-A292-98476BF99FEB}.Debug|x64.ActiveCfg = Debug|iPhone
		{3EB94E75-9CFB-4182-A292-98476BF99FEB}.Debug|x86.ActiveCfg = Debug|iPhone
		{3EB94E75-9CFB-4182-A292-98476BF99FEB}.Release|Any CPU.ActiveCfg = Release|iPhone
		{3EB94E75-9CFB-4182-A292-98476BF99FEB}.Release|ARM.ActiveCfg = Release|iPhone
		{3EB94E75-9CFB-4182-A292-98476BF99FEB}.Release|iPhone.ActiveCfg = Release|iPhone
		{3EB94E75-9CFB-4182-A292-98476BF99FEB}.Release|iPhone.Build.0 = Release|iPhone
		{3EB94E75-9CFB-4182-A292-98476BF99FEB}.Release|iPhoneSimulator.ActiveCfg = Release|iPhoneSimulator
		{3EB94E75-9CFB-4182-A292-98476BF99FEB}.Release|iPhoneSimulator.Build.0 = Release|iPhoneSimulator
		{3EB94E75-9CFB-4182-A292-98476BF99FEB}.Release|x64.ActiveCfg = Release|iPhone
		{3EB94E75-9CFB-4182-A292-98476BF99FEB}.Release|x86.ActiveCfg = Release|iPhone
		{B0255DD5-CF82-44CE-9D17-AA4DBFBDFC4F}.Ad-Hoc|Any CPU.ActiveCfg = Release|x86
		{B0255DD5-CF82-44CE-9D17-AA4DBFBDFC4F}.Ad-Hoc|Any CPU.Build.0 = Release|x86
		{B0255DD5-CF82-44CE-9D17-AA4DBFBDFC4F}.Ad-Hoc|Any CPU.Deploy.0 = Release|x86
		{B0255DD5-CF82-44CE-9D17-AA4DBFBDFC4F}.Ad-Hoc|ARM.ActiveCfg = Release|ARM
		{B0255DD5-CF82-44CE-9D17-AA4DBFBDFC4F}.Ad-Hoc|ARM.Build.0 = Release|ARM
		{B0255DD5-CF82-44CE-9D17-AA4DBFBDFC4F}.Ad-Hoc|ARM.Deploy.0 = Release|ARM
		{B0255DD5-CF82-44CE-9D17-AA4DBFBDFC4F}.Ad-Hoc|iPhone.ActiveCfg = Release|x86
		{B0255DD5-CF82-44CE-9D17-AA4DBFBDFC4F}.Ad-Hoc|iPhone.Build.0 = Release|x86
		{B0255DD5-CF82-44CE-9D17-AA4DBFBDFC4F}.Ad-Hoc|iPhone.Deploy.0 = Release|x86
		{B0255DD5-CF82-44CE-9D17-AA4DBFBDFC4F}.Ad-Hoc|iPhoneSimulator.ActiveCfg = Release|x86
		{B0255DD5-CF82-44CE-9D17-AA4DBFBDFC4F}.Ad-Hoc|iPhoneSimulator.Build.0 = Release|x86
		{B0255DD5-CF82-44CE-9D17-AA4DBFBDFC4F}.Ad-Hoc|iPhoneSimulator.Deploy.0 = Release|x86
		{B0255DD5-CF82-44CE-9D17-AA4DBFBDFC4F}.Ad-Hoc|x64.ActiveCfg = Release|x64
		{B0255DD5-CF82-44CE-9D17-AA4DBFBDFC4F}.Ad-Hoc|x64.Build.0 = Release|x64
		{B0255DD5-CF82-44CE-9D17-AA4DBFBDFC4F}.Ad-Hoc|x64.Deploy.0 = Release|x64
		{B0255DD5-CF82-44CE-9D17-AA4DBFBDFC4F}.Ad-Hoc|x86.ActiveCfg = Release|x86
		{B0255DD5-CF82-44CE-9D17-AA4DBFBDFC4F}.Ad-Hoc|x86.Build.0 = Release|x86
		{B0255DD5-CF82-44CE-9D17-AA4DBFBDFC4F}.Ad-Hoc|x86.Deploy.0 = Release|x86
		{B0255DD5-CF82-44CE-9D17-AA4DBFBDFC4F}.AppStore|Any CPU.ActiveCfg = Release|x86
		{B0255DD5-CF82-44CE-9D17-AA4DBFBDFC4F}.AppStore|Any CPU.Build.0 = Release|x86
		{B0255DD5-CF82-44CE-9D17-AA4DBFBDFC4F}.AppStore|Any CPU.Deploy.0 = Release|x86
		{B0255DD5-CF82-44CE-9D17-AA4DBFBDFC4F}.AppStore|ARM.ActiveCfg = Release|ARM
		{B0255DD5-CF82-44CE-9D17-AA4DBFBDFC4F}.AppStore|ARM.Build.0 = Release|ARM
		{B0255DD5-CF82-44CE-9D17-AA4DBFBDFC4F}.AppStore|ARM.Deploy.0 = Release|ARM
		{B0255DD5-CF82-44CE-9D17-AA4DBFBDFC4F}.AppStore|iPhone.ActiveCfg = Release|x86
		{B0255DD5-CF82-44CE-9D17-AA4DBFBDFC4F}.AppStore|iPhone.Build.0 = Release|x86
		{B0255DD5-CF82-44CE-9D17-AA4DBFBDFC4F}.AppStore|iPhone.Deploy.0 = Release|x86
		{B0255DD5-CF82-44CE-9D17-AA4DBFBDFC4F}.AppStore|iPhoneSimulator.ActiveCfg = Release|x86
		{B0255DD5-CF82-44CE-9D17-AA4DBFBDFC4F}.AppStore|iPhoneSimulator.Build.0 = Release|x86
		{B0255DD5-CF82-44CE-9D17-AA4DBFBDFC4F}.AppStore|iPhoneSimulator.Deploy.0 = Release|x86
		{B0255DD5-CF82-44CE-9D17-AA4DBFBDFC4F}.AppStore|x64.ActiveCfg = Release|x64
		{B0255DD5-CF82-44CE-9D17-AA4DBFBDFC4F}.AppStore|x64.Build.0 = Release|x64
		{B0255DD5-CF82-44CE-9D17-AA4DBFBDFC4F}.AppStore|x64.Deploy.0 = Release|x64
		{B0255DD5-CF82-44CE-9D17-AA4DBFBDFC4F}.AppStore|x86.ActiveCfg = Release|x86
		{B0255DD5-CF82-44CE-9D17-AA4DBFBDFC4F}.AppStore|x86.Build.0 = Release|x86
		{B0255DD5-CF82-44CE-9D17-AA4DBFBDFC4F}.AppStore|x86.Deploy.0 = Release|x86
		{B0255DD5-CF82-44CE-9D17-AA4DBFBDFC4F}.Debug|Any CPU.ActiveCfg = Debug|x86
		{B0255DD5-CF82-44CE-9D17-AA4DBFBDFC4F}.Debug|ARM.ActiveCfg = Debug|ARM
		{B0255DD5-CF82-44CE-9D17-AA4DBFBDFC4F}.Debug|ARM.Build.0 = Debug|ARM
		{B0255DD5-CF82-44CE-9D17-AA4DBFBDFC4F}.Debug|ARM.Deploy.0 = Debug|ARM
		{B0255DD5-CF82-44CE-9D17-AA4DBFBDFC4F}.Debug|iPhone.ActiveCfg = Debug|x86
		{B0255DD5-CF82-44CE-9D17-AA4DBFBDFC4F}.Debug|iPhoneSimulator.ActiveCfg = Debug|x86
		{B0255DD5-CF82-44CE-9D17-AA4DBFBDFC4F}.Debug|x64.ActiveCfg = Debug|x64
		{B0255DD5-CF82-44CE-9D17-AA4DBFBDFC4F}.Debug|x64.Build.0 = Debug|x64
		{B0255DD5-CF82-44CE-9D17-AA4DBFBDFC4F}.Debug|x64.Deploy.0 = Debug|x64
		{B0255DD5-CF82-44CE-9D17-AA4DBFBDFC4F}.Debug|x86.ActiveCfg = Debug|x86
		{B0255DD5-CF82-44CE-9D17-AA4DBFBDFC4F}.Debug|x86.Build.0 = Debug|x86
		{B0255DD5-CF82-44CE-9D17-AA4DBFBDFC4F}.Debug|x86.Deploy.0 = Debug|x86
		{B0255DD5-CF82-44CE-9D17-AA4DBFBDFC4F}.Release|Any CPU.ActiveCfg = Release|x86
		{B0255DD5-CF82-44CE-9D17-AA4DBFBDFC4F}.Release|ARM.ActiveCfg = Release|ARM
		{B0255DD5-CF82-44CE-9D17-AA4DBFBDFC4F}.Release|ARM.Build.0 = Release|ARM
		{B0255DD5-CF82-44CE-9D17-AA4DBFBDFC4F}.Release|ARM.Deploy.0 = Release|ARM
		{B0255DD5-CF82-44CE-9D17-AA4DBFBDFC4F}.Release|iPhone.ActiveCfg = Release|x86
		{B0255DD5-CF82-44CE-9D17-AA4DBFBDFC4F}.Release|iPhoneSimulator.ActiveCfg = Release|x86
		{B0255DD5-CF82-44CE-9D17-AA4DBFBDFC4F}.Release|x64.ActiveCfg = Release|x64
		{B0255DD5-CF82-44CE-9D17-AA4DBFBDFC4F}.Release|x64.Build.0 = Release|x64
		{B0255DD5-CF82-44CE-9D17-AA4DBFBDFC4F}.Release|x64.Deploy.0 = Release|x64
		{B0255DD5-CF82-44CE-9D17-AA4DBFBDFC4F}.Release|x86.ActiveCfg = Release|x86
		{B0255DD5-CF82-44CE-9D17-AA4DBFBDFC4F}.Release|x86.Build.0 = Release|x86
		{B0255DD5-CF82-44CE-9D17-AA4DBFBDFC4F}.Release|x86.Deploy.0 = Release|x86
	EndGlobalSection
	GlobalSection(SolutionProperties) = preSolution
		HideSolutionNode = FALSE
	EndGlobalSection
EndGlobal
